
Microsoft Visual Studio Solution File, Format Version 12.00
# Visual Studio Version 17
VisualStudioVersion = 17.2.32526.322
MinimumVisualStudioVersion = 10.0.40219.1
Project("{FAE04EC0-301F-11D3-BF4B-00C04F79EFBC}") = "API_Projet", "API_Projet\API_Projet.csproj", "{DD990D4A-1594-4A59-A260-733C33A5C762}"
EndProject
Global
	GlobalSection(SolutionConfigurationPlatforms) = preSolution
		Debug|Any CPU = Debug|Any CPU
		Release|Any CPU = Release|Any CPU
	EndGlobalSection
	GlobalSection(ProjectConfigurationPlatforms) = postSolution
		{DD990D4A-1594-4A59-A260-733C33A5C762}.Debug|Any CPU.ActiveCfg = Debug|Any CPU
		{DD990D4A-1594-4A59-A260-733C33A5C762}.Debug|Any CPU.Build.0 = Debug|Any CPU
		{DD990D4A-1594-4A59-A260-733C33A5C762}.Release|Any CPU.ActiveCfg = Release|Any CPU
		{DD990D4A-1594-4A59-A260-733C33A5C762}.Release|Any CPU.Build.0 = Release|Any CPU
	EndGlobalSection
	GlobalSection(SolutionProperties) = preSolution
		HideSolutionNode = FALSE
	EndGlobalSection
	GlobalSection(ExtensibilityGlobals) = postSolution
		SolutionGuid = {E9C04FD4-8FDE-4C6C-8CB8-349B597AA4E7}
	EndGlobalSection
EndGlobal
